// !$*UTF8*$!
{
	archiveVersion = 1;
	classes = {
	};
	objectVersion = 56;
	objects = {

/* Begin PBXBuildFile section */
		D9B50DA92CFCD11600C7BE27 /* AppDelegate.swift in Sources */ = {isa = PBXBuildFile; fileRef = D9B50DA82CFCD11600C7BE27 /* AppDelegate.swift */; };
		D9B50DAB2CFCD11600C7BE27 /* SceneDelegate.swift in Sources */ = {isa = PBXBuildFile; fileRef = D9B50DAA2CFCD11600C7BE27 /* SceneDelegate.swift */; };
		D9B50DAD2CFCD11600C7BE27 /* ViewController.swift in Sources */ = {isa = PBXBuildFile; fileRef = D9B50DAC2CFCD11600C7BE27 /* ViewController.swift */; };
		D9B50DB02CFCD11600C7BE27 /* Base in Resources */ = {isa = PBXBuildFile; fileRef = D9B50DAF2CFCD11600C7BE27 /* Base */; };
		D9B50DB22CFCD11800C7BE27 /* Assets.xcassets in Resources */ = {isa = PBXBuildFile; fileRef = D9B50DB12CFCD11800C7BE27 /* Assets.xcassets */; };
		D9B50DB52CFCD11800C7BE27 /* Base in Resources */ = {isa = PBXBuildFile; fileRef = D9B50DB42CFCD11800C7BE27 /* Base */; };
		D9B50DC12CFCD27A00C7BE27 /* TestViewController.xib in Resources */ = {isa = PBXBuildFile; fileRef = D9B50DC02CFCD27A00C7BE27 /* TestViewController.xib */; };
		D9B50DC22CFCD27A00C7BE27 /* TestViewController.swift in Sources */ = {isa = PBXBuildFile; fileRef = D9B50DBF2CFCD27A00C7BE27 /* TestViewController.swift */; };
		D9B50DC42CFCEA4300C7BE27 /* TestViewController+TableView.swift in Sources */ = {isa = PBXBuildFile; fileRef = D9B50DC32CFCEA4300C7BE27 /* TestViewController+TableView.swift */; };
		D9B50DC72CFCEC7D00C7BE27 /* SampleViewModel.swift in Sources */ = {isa = PBXBuildFile; fileRef = D9B50DC62CFCEC7D00C7BE27 /* SampleViewModel.swift */; };
		D9B50DCB2CFCEFFC00C7BE27 /* NetworkConstants.swift in Sources */ = {isa = PBXBuildFile; fileRef = D9B50DCA2CFCEFFC00C7BE27 /* NetworkConstants.swift */; };
		D9B50DCD2CFCF17000C7BE27 /* APICaller.swift in Sources */ = {isa = PBXBuildFile; fileRef = D9B50DCC2CFCF17000C7BE27 /* APICaller.swift */; };
		D9B50DCF2CFCF1EB00C7BE27 /* WelcomeElement.swift in Sources */ = {isa = PBXBuildFile; fileRef = D9B50DCE2CFCF1EB00C7BE27 /* WelcomeElement.swift */; };
/* End PBXBuildFile section */

/* Begin PBXFileReference section */
		D9B50DA52CFCD11600C7BE27 /* PracticeMVVM.app */ = {isa = PBXFileReference; explicitFileType = wrapper.application; includeInIndex = 0; path = PracticeMVVM.app; sourceTree = BUILT_PRODUCTS_DIR; };
		D9B50DA82CFCD11600C7BE27 /* AppDelegate.swift */ = {isa = PBXFileReference; lastKnownFileType = sourcecode.swift; path = AppDelegate.swift; sourceTree = "<group>"; };
		D9B50DAA2CFCD11600C7BE27 /* SceneDelegate.swift */ = {isa = PBXFileReference; lastKnownFileType = sourcecode.swift; path = SceneDelegate.swift; sourceTree = "<group>"; };
		D9B50DAC2CFCD11600C7BE27 /* ViewController.swift */ = {isa = PBXFileReference; lastKnownFileType = sourcecode.swift; path = ViewController.swift; sourceTree = "<group>"; };
		D9B50DAF2CFCD11600C7BE27 /* Base */ = {isa = PBXFileReference; lastKnownFileType = file.storyboard; name = Base; path = Base.lproj/Main.storyboard; sourceTree = "<group>"; };
		D9B50DB12CFCD11800C7BE27 /* Assets.xcassets */ = {isa = PBXFileReference; lastKnownFileType = folder.assetcatalog; path = Assets.xcassets; sourceTree = "<group>"; };
		D9B50DB42CFCD11800C7BE27 /* Base */ = {isa = PBXFileReference; lastKnownFileType = file.storyboard; name = Base; path = Base.lproj/LaunchScreen.storyboard; sourceTree = "<group>"; };
		D9B50DB62CFCD11800C7BE27 /* Info.plist */ = {isa = PBXFileReference; lastKnownFileType = text.plist.xml; path = Info.plist; sourceTree = "<group>"; };
		D9B50DBF2CFCD27A00C7BE27 /* TestViewController.swift */ = {isa = PBXFileReference; lastKnownFileType = sourcecode.swift; path = TestViewController.swift; sourceTree = "<group>"; };
		D9B50DC02CFCD27A00C7BE27 /* TestViewController.xib */ = {isa = PBXFileReference; lastKnownFileType = file.xib; path = TestViewController.xib; sourceTree = "<group>"; };
		D9B50DC32CFCEA4300C7BE27 /* TestViewController+TableView.swift */ = {isa = PBXFileReference; lastKnownFileType = sourcecode.swift; path = "TestViewController+TableView.swift"; sourceTree = "<group>"; };
		D9B50DC62CFCEC7D00C7BE27 /* SampleViewModel.swift */ = {isa = PBXFileReference; lastKnownFileType = sourcecode.swift; path = SampleViewModel.swift; sourceTree = "<group>"; };
		D9B50DCA2CFCEFFC00C7BE27 /* NetworkConstants.swift */ = {isa = PBXFileReference; lastKnownFileType = sourcecode.swift; path = NetworkConstants.swift; sourceTree = "<group>"; };
		D9B50DCC2CFCF17000C7BE27 /* APICaller.swift */ = {isa = PBXFileReference; lastKnownFileType = sourcecode.swift; path = APICaller.swift; sourceTree = "<group>"; };
		D9B50DCE2CFCF1EB00C7BE27 /* WelcomeElement.swift */ = {isa = PBXFileReference; lastKnownFileType = sourcecode.swift; path = WelcomeElement.swift; sourceTree = "<group>"; };
/* End PBXFileReference section */

/* Begin PBXFrameworksBuildPhase section */
		D9B50DA22CFCD11600C7BE27 /* Frameworks */ = {
			isa = PBXFrameworksBuildPhase;
			buildActionMask = 2147483647;
			files = (
			);
			runOnlyForDeploymentPostprocessing = 0;
		};
/* End PBXFrameworksBuildPhase section */

/* Begin PBXGroup section */
		D9B50D9C2CFCD11600C7BE27 = {
			isa = PBXGroup;
			children = (
				D9B50DA72CFCD11600C7BE27 /* PracticeMVVM */,
				D9B50DA62CFCD11600C7BE27 /* Products */,
			);
			sourceTree = "<group>";
		};
		D9B50DA62CFCD11600C7BE27 /* Products */ = {
			isa = PBXGroup;
			children = (
				D9B50DA52CFCD11600C7BE27 /* PracticeMVVM.app */,
			);
			name = Products;
			sourceTree = "<group>";
		};
		D9B50DA72CFCD11600C7BE27 /* PracticeMVVM */ = {
			isa = PBXGroup;
			children = (
				D9B50DC92CFCEFD700C7BE27 /* Networks */,
				D9B50DC82CFCEED300C7BE27 /* Models */,
				D9B50DC52CFCEC2100C7BE27 /* ViewModel */,
				D9B50DBC2CFCD20300C7BE27 /* Views */,
				D9B50DA82CFCD11600C7BE27 /* AppDelegate.swift */,
				D9B50DAA2CFCD11600C7BE27 /* SceneDelegate.swift */,
				D9B50DAC2CFCD11600C7BE27 /* ViewController.swift */,
				D9B50DAE2CFCD11600C7BE27 /* Main.storyboard */,
				D9B50DB12CFCD11800C7BE27 /* Assets.xcassets */,
				D9B50DB32CFCD11800C7BE27 /* LaunchScreen.storyboard */,
				D9B50DB62CFCD11800C7BE27 /* Info.plist */,
			);
			path = PracticeMVVM;
			sourceTree = "<group>";
		};
		D9B50DBC2CFCD20300C7BE27 /* Views */ = {
			isa = PBXGroup;
			children = (
				D9B50DBF2CFCD27A00C7BE27 /* TestViewController.swift */,
				D9B50DC02CFCD27A00C7BE27 /* TestViewController.xib */,
				D9B50DC32CFCEA4300C7BE27 /* TestViewController+TableView.swift */,
			);
			path = Views;
			sourceTree = "<group>";
		};
		D9B50DC52CFCEC2100C7BE27 /* ViewModel */ = {
			isa = PBXGroup;
			children = (
				D9B50DC62CFCEC7D00C7BE27 /* SampleViewModel.swift */,
			);
			path = ViewModel;
			sourceTree = "<group>";
		};
		D9B50DC82CFCEED300C7BE27 /* Models */ = {
			isa = PBXGroup;
			children = (
				D9B50DCE2CFCF1EB00C7BE27 /* WelcomeElement.swift */,
			);
			path = Models;
			sourceTree = "<group>";
		};
		D9B50DC92CFCEFD700C7BE27 /* Networks */ = {
			isa = PBXGroup;
			children = (
				D9B50DCA2CFCEFFC00C7BE27 /* NetworkConstants.swift */,
				D9B50DCC2CFCF17000C7BE27 /* APICaller.swift */,
			);
			path = Networks;
			sourceTree = "<group>";
		};
/* End PBXGroup section */

/* Begin PBXNativeTarget section */
		D9B50DA42CFCD11600C7BE27 /* PracticeMVVM */ = {
			isa = PBXNativeTarget;
			buildConfigurationList = D9B50DB92CFCD11800C7BE27 /* Build configuration list for PBXNativeTarget "PracticeMVVM" */;
			buildPhases = (
				D9B50DA12CFCD11600C7BE27 /* Sources */,
				D9B50DA22CFCD11600C7BE27 /* Frameworks */,
				D9B50DA32CFCD11600C7BE27 /* Resources */,
			);
			buildRules = (
			);
			dependencies = (
			);
			name = PracticeMVVM;
			productName = PracticeMVVM;
			productReference = D9B50DA52CFCD11600C7BE27 /* PracticeMVVM.app */;
			productType = "com.apple.product-type.application";
		};
/* End PBXNativeTarget section */

/* Begin PBXProject section */
		D9B50D9D2CFCD11600C7BE27 /* Project object */ = {
			isa = PBXProject;
			attributes = {
				BuildIndependentTargetsInParallel = 1;
				LastSwiftUpdateCheck = 1540;
				LastUpgradeCheck = 1540;
				TargetAttributes = {
					D9B50DA42CFCD11600C7BE27 = {
						CreatedOnToolsVersion = 15.4;
					};
				};
			};
			buildConfigurationList = D9B50DA02CFCD11600C7BE27 /* Build configuration list for PBXProject "PracticeMVVM" */;
			compatibilityVersion = "Xcode 14.0";
			developmentRegion = en;
			hasScannedForEncodings = 0;
			knownRegions = (
				en,
				Base,
			);
			mainGroup = D9B50D9C2CFCD11600C7BE27;
			productRefGroup = D9B50DA62CFCD11600C7BE27 /* Products */;
			projectDirPath = "";
			projectRoot = "";
			targets = (
				D9B50DA42CFCD11600C7BE27 /* PracticeMVVM */,
			);
		};
/* End PBXProject section */

/* Begin PBXResourcesBuildPhase section */
		D9B50DA32CFCD11600C7BE27 /* Resources */ = {
			isa = PBXResourcesBuildPhase;
			buildActionMask = 2147483647;
			files = (
				D9B50DB22CFCD11800C7BE27 /* Assets.xcassets in Resources */,
				D9B50DB52CFCD11800C7BE27 /* Base in Resources */,
				D9B50DC12CFCD27A00C7BE27 /* TestViewController.xib in Resources */,
				D9B50DB02CFCD11600C7BE27 /* Base in Resources */,
			);
			runOnlyForDeploymentPostprocessing = 0;
		};
/* End PBXResourcesBuildPhase section */

/* Begin PBXSourcesBuildPhase section */
		D9B50DA12CFCD11600C7BE27 /* Sources */ = {
			isa = PBXSourcesBuildPhase;
			buildActionMask = 2147483647;
			files = (
				D9B50DCB2CFCEFFC00C7BE27 /* NetworkConstants.swift in Sources */,
				D9B50DC72CFCEC7D00C7BE27 /* SampleViewModel.swift in Sources */,
				D9B50DAD2CFCD11600C7BE27 /* ViewController.swift in Sources */,
				D9B50DA92CFCD11600C7BE27 /* AppDelegate.swift in Sources */,
				D9B50DCF2CFCF1EB00C7BE27 /* WelcomeElement.swift in Sources */,
				D9B50DC22CFCD27A00C7BE27 /* TestViewController.swift in Sources */,
				D9B50DC42CFCEA4300C7BE27 /* TestViewController+TableView.swift in Sources */,
				D9B50DAB2CFCD11600C7BE27 /* SceneDelegate.swift in Sources */,
				D9B50DCD2CFCF17000C7BE27 /* APICaller.swift in Sources */,
			);
			runOnlyForDeploymentPostprocessing = 0;
		};
/* End PBXSourcesBuildPhase section */

/* Begin PBXVariantGroup section */
		D9B50DAE2CFCD11600C7BE27 /* Main.storyboard */ = {
			isa = PBXVariantGroup;
			children = (
				D9B50DAF2CFCD11600C7BE27 /* Base */,
			);
			name = Main.storyboard;
			sourceTree = "<group>";
		};
		D9B50DB32CFCD11800C7BE27 /* LaunchScreen.storyboard */ = {
			isa = PBXVariantGroup;
			children = (
				D9B50DB42CFCD11800C7BE27 /* Base */,
			);
			name = LaunchScreen.storyboard;
			sourceTree = "<group>";
		};
/* End PBXVariantGroup section */

/* Begin XCBuildConfiguration section */
		D9B50DB72CFCD11800C7BE27 /* Debug */ = {
			isa = XCBuildConfiguration;
			buildSettings = {
				ALWAYS_SEARCH_USER_PATHS = NO;
				ASSETCATALOG_COMPILER_GENERATE_SWIFT_ASSET_SYMBOL_EXTENSIONS = YES;
				CLANG_ANALYZER_NONNULL = YES;
				CLANG_ANALYZER_NUMBER_OBJECT_CONVERSION = YES_AGGRESSIVE;
				CLANG_CXX_LANGUAGE_STANDARD = "gnu++20";
				CLANG_ENABLE_MODULES = YES;
				CLANG_ENABLE_OBJC_ARC = YES;
				CLANG_ENABLE_OBJC_WEAK = YES;
				CLANG_WARN_BLOCK_CAPTURE_AUTORELEASING = YES;
				CLANG_WARN_BOOL_CONVERSION = YES;
				CLANG_WARN_COMMA = YES;
				CLANG_WARN_CONSTANT_CONVERSION = YES;
				CLANG_WARN_DEPRECATED_OBJC_IMPLEMENTATIONS = YES;
				CLANG_WARN_DIRECT_OBJC_ISA_USAGE = YES_ERROR;
				CLANG_WARN_DOCUMENTATION_COMMENTS = YES;
				CLANG_WARN_EMPTY_BODY = YES;
				CLANG_WARN_ENUM_CONVERSION = YES;
				CLANG_WARN_INFINITE_RECURSION = YES;
				CLANG_WARN_INT_CONVERSION = YES;
				CLANG_WARN_NON_LITERAL_NULL_CONVERSION = YES;
				CLANG_WARN_OBJC_IMPLICIT_RETAIN_SELF = YES;
				CLANG_WARN_OBJC_LITERAL_CONVERSION = YES;
				CLANG_WARN_OBJC_ROOT_CLASS = YES_ERROR;
				CLANG_WARN_QUOTED_INCLUDE_IN_FRAMEWORK_HEADER = YES;
				CLANG_WARN_RANGE_LOOP_ANALYSIS = YES;
				CLANG_WARN_STRICT_PROTOTYPES = YES;
				CLANG_WARN_SUSPICIOUS_MOVE = YES;
				CLANG_WARN_UNGUARDED_AVAILABILITY = YES_AGGRESSIVE;
				CLANG_WARN_UNREACHABLE_CODE = YES;
				CLANG_WARN__DUPLICATE_METHOD_MATCH = YES;
				COPY_PHASE_STRIP = NO;
				DEBUG_INFORMATION_FORMAT = dwarf;
				ENABLE_STRICT_OBJC_MSGSEND = YES;
				ENABLE_TESTABILITY = YES;
				ENABLE_USER_SCRIPT_SANDBOXING = YES;
				GCC_C_LANGUAGE_STANDARD = gnu17;
				GCC_DYNAMIC_NO_PIC = NO;
				GCC_NO_COMMON_BLOCKS = YES;
				GCC_OPTIMIZATION_LEVEL = 0;
				GCC_PREPROCESSOR_DEFINITIONS = (
					"DEBUG=1",
					"$(inherited)",
				);
				GCC_WARN_64_TO_32_BIT_CONVERSION = YES;
				GCC_WARN_ABOUT_RETURN_TYPE = YES_ERROR;
				GCC_WARN_UNDECLARED_SELECTOR = YES;
				GCC_WARN_UNINITIALIZED_AUTOS = YES_AGGRESSIVE;
				GCC_WARN_UNUSED_FUNCTION = YES;
				GCC_WARN_UNUSED_VARIABLE = YES;
				IPHONEOS_DEPLOYMENT_TARGET = 17.5;
				LOCALIZATION_PREFERS_STRING_CATALOGS = YES;
				MTL_ENABLE_DEBUG_INFO = INCLUDE_SOURCE;
				MTL_FAST_MATH = YES;
				ONLY_ACTIVE_ARCH = YES;
				SDKROOT = iphoneos;
				SWIFT_ACTIVE_COMPILATION_CONDITIONS = "DEBUG $(inherited)";
				SWIFT_OPTIMIZATION_LEVEL = "-Onone";
			};
			name = Debug;
		};
		D9B50DB82CFCD11800C7BE27 /* Release */ = {
			isa = XCBuildConfiguration;
			buildSettings = {
				ALWAYS_SEARCH_USER_PATHS = NO;
				ASSETCATALOG_COMPILER_GENERATE_SWIFT_ASSET_SYMBOL_EXTENSIONS = YES;
				CLANG_ANALYZER_NONNULL = YES;
				CLANG_ANALYZER_NUMBER_OBJECT_CONVERSION = YES_AGGRESSIVE;
				CLANG_CXX_LANGUAGE_STANDARD = "gnu++20";
				CLANG_ENABLE_MODULES = YES;
				CLANG_ENABLE_OBJC_ARC = YES;
				CLANG_ENABLE_OBJC_WEAK = YES;
				CLANG_WARN_BLOCK_CAPTURE_AUTORELEASING = YES;
				CLANG_WARN_BOOL_CONVERSION = YES;
				CLANG_WARN_COMMA = YES;
				CLANG_WARN_CONSTANT_CONVERSION = YES;
				CLANG_WARN_DEPRECATED_OBJC_IMPLEMENTATIONS = YES;
				CLANG_WARN_DIRECT_OBJC_ISA_USAGE = YES_ERROR;
				CLANG_WARN_DOCUMENTATION_COMMENTS = YES;
				CLANG_WARN_EMPTY_BODY = YES;
				CLANG_WARN_ENUM_CONVERSION = YES;
				CLANG_WARN_INFINITE_RECURSION = YES;
				CLANG_WARN_INT_CONVERSION = YES;
				CLANG_WARN_NON_LITERAL_NULL_CONVERSION = YES;
				CLANG_WARN_OBJC_IMPLICIT_RETAIN_SELF = YES;
				CLANG_WARN_OBJC_LITERAL_CONVERSION = YES;
				CLANG_WARN_OBJC_ROOT_CLASS = YES_ERROR;
				CLANG_WARN_QUOTED_INCLUDE_IN_FRAMEWORK_HEADER = YES;
				CLANG_WARN_RANGE_LOOP_ANALYSIS = YES;
				CLANG_WARN_STRICT_PROTOTYPES = YES;
				CLANG_WARN_SUSPICIOUS_MOVE = YES;
				CLANG_WARN_UNGUARDED_AVAILABILITY = YES_AGGRESSIVE;
				CLANG_WARN_UNREACHABLE_CODE = YES;
				CLANG_WARN__DUPLICATE_METHOD_MATCH = YES;
				COPY_PHASE_STRIP = NO;
				DEBUG_INFORMATION_FORMAT = "dwarf-with-dsym";
				ENABLE_NS_ASSERTIONS = NO;
				ENABLE_STRICT_OBJC_MSGSEND = YES;
				ENABLE_USER_SCRIPT_SANDBOXING = YES;
				GCC_C_LANGUAGE_STANDARD = gnu17;
				GCC_NO_COMMON_BLOCKS = YES;
				GCC_WARN_64_TO_32_BIT_CONVERSION = YES;
				GCC_WARN_ABOUT_RETURN_TYPE = YES_ERROR;
				GCC_WARN_UNDECLARED_SELECTOR = YES;
				GCC_WARN_UNINITIALIZED_AUTOS = YES_AGGRESSIVE;
				GCC_WARN_UNUSED_FUNCTION = YES;
				GCC_WARN_UNUSED_VARIABLE = YES;
				IPHONEOS_DEPLOYMENT_TARGET = 17.5;
				LOCALIZATION_PREFERS_STRING_CATALOGS = YES;
				MTL_ENABLE_DEBUG_INFO = NO;
				MTL_FAST_MATH = YES;
				SDKROOT = iphoneos;
				SWIFT_COMPILATION_MODE = wholemodule;
				VALIDATE_PRODUCT = YES;
			};
			name = Release;
		};
		D9B50DBA2CFCD11800C7BE27 /* Debug */ = {
			isa = XCBuildConfiguration;
			buildSettings = {
				ASSETCATALOG_COMPILER_APPICON_NAME = AppIcon;
				ASSETCATALOG_COMPILER_GLOBAL_ACCENT_COLOR_NAME = AccentColor;
				CODE_SIGN_STYLE = Automatic;
				CURRENT_PROJECT_VERSION = 1;
				DEVELOPMENT_TEAM = 4PN88S2B7V;
				GENERATE_INFOPLIST_FILE = YES;
				INFOPLIST_FILE = PracticeMVVM/Info.plist;
				INFOPLIST_KEY_UIApplicationSupportsIndirectInputEvents = YES;
				INFOPLIST_KEY_UILaunchStoryboardName = LaunchScreen;
				INFOPLIST_KEY_UIMainStoryboardFile = Main;
				INFOPLIST_KEY_UISupportedInterfaceOrientations_iPad = "UIInterfaceOrientationPortrait UIInterfaceOrientationPortraitUpsideDown UIInterfaceOrientationLandscapeLeft UIInterfaceOrientationLandscapeRight";
				INFOPLIST_KEY_UISupportedInterfaceOrientations_iPhone = "UIInterfaceOrientationPortrait UIInterfaceOrientationLandscapeLeft UIInterfaceOrientationLandscapeRight";
				LD_RUNPATH_SEARCH_PATHS = (
					"$(inherited)",
					"@executable_path/Frameworks",
				);
				MARKETING_VERSION = 1.0;
				PRODUCT_BUNDLE_IDENTIFIER = com.Sudeepa.Test.PracticeMVVM;
				PRODUCT_NAME = "$(TARGET_NAME)";
				SWIFT_EMIT_LOC_STRINGS = YES;
				SWIFT_VERSION = 5.0;
				TARGETED_DEVICE_FAMILY = "1,2";
			};
			name = Debug;
		};
		D9B50DBB2CFCD11800C7BE27 /* Release */ = {
			isa = XCBuildConfiguration;
			buildSettings = {
				ASSETCATALOG_COMPILER_APPICON_NAME = AppIcon;
				ASSETCATALOG_COMPILER_GLOBAL_ACCENT_COLOR_NAME = AccentColor;
				CODE_SIGN_STYLE = Automatic;
				CURRENT_PROJECT_VERSION = 1;
				DEVELOPMENT_TEAM = 4PN88S2B7V;
				GENERATE_INFOPLIST_FILE = YES;
				INFOPLIST_FILE = PracticeMVVM/Info.plist;
				INFOPLIST_KEY_UIApplicationSupportsIndirectInputEvents = YES;
				INFOPLIST_KEY_UILaunchStoryboardName = LaunchScreen;
				INFOPLIST_KEY_UIMainStoryboardFile = Main;
				INFOPLIST_KEY_UISupportedInterfaceOrientations_iPad = "UIInterfaceOrientationPortrait UIInterfaceOrientationPortraitUpsideDown UIInterfaceOrientationLandscapeLeft UIInterfaceOrientationLandscapeRight";
				INFOPLIST_KEY_UISupportedInterfaceOrientations_iPhone = "UIInterfaceOrientationPortrait UIInterfaceOrientationLandscapeLeft UIInterfaceOrientationLandscapeRight";
				LD_RUNPATH_SEARCH_PATHS = (
					"$(inherited)",
					"@executable_path/Frameworks",
				);
				MARKETING_VERSION = 1.0;
				PRODUCT_BUNDLE_IDENTIFIER = com.Sudeepa.Test.PracticeMVVM;
				PRODUCT_NAME = "$(TARGET_NAME)";
				SWIFT_EMIT_LOC_STRINGS = YES;
				SWIFT_VERSION = 5.0;
				TARGETED_DEVICE_FAMILY = "1,2";
			};
			name = Release;
		};
/* End XCBuildConfiguration section */

/* Begin XCConfigurationList section */
		D9B50DA02CFCD11600C7BE27 /* Build configuration list for PBXProject "PracticeMVVM" */ = {
			isa = XCConfigurationList;
			buildConfigurations = (
				D9B50DB72CFCD11800C7BE27 /* Debug */,
				D9B50DB82CFCD11800C7BE27 /* Release */,
			);
			defaultConfigurationIsVisible = 0;
			defaultConfigurationName = Release;
		};
		D9B50DB92CFCD11800C7BE27 /* Build configuration list for PBXNativeTarget "PracticeMVVM" */ = {
			isa = XCConfigurationList;
			buildConfigurations = (
				D9B50DBA2CFCD11800C7BE27 /* Debug */,
				D9B50DBB2CFCD11800C7BE27 /* Release */,
			);
			defaultConfigurationIsVisible = 0;
			defaultConfigurationName = Release;
		};
/* End XCConfigurationList section */
	};
	rootObject = D9B50D9D2CFCD11600C7BE27 /* Project object */;
}
